
Microsoft Visual Studio Solution File, Format Version 12.00
# Visual Studio Version 17
VisualStudioVersion = 17.8.34525.116
MinimumVisualStudioVersion = 10.0.40219.1
Project("{FAE04EC0-301F-11D3-BF4B-00C04F79EFBC}") = "QuarterlySalesApp", "QuarterlySalesApp.csproj", "{BDD2C55D-EB0E-4601-AF1A-AFF7D0DF436C}"
EndProject
Global
	GlobalSection(SolutionConfigurationPlatforms) = preSolution
		Debug|Any CPU = Debug|Any CPU
		Release|Any CPU = Release|Any CPU
	EndGlobalSection
	GlobalSection(ProjectConfigurationPlatforms) = postSolution
		{BDD2C55D-EB0E-4601-AF1A-AFF7D0DF436C}.Debug|Any CPU.ActiveCfg = Debug|Any CPU
		{BDD2C55D-EB0E-4601-AF1A-AFF7D0DF436C}.Debug|Any CPU.Build.0 = Debug|Any CPU
		{BDD2C55D-EB0E-4601-AF1A-AFF7D0DF436C}.Release|Any CPU.ActiveCfg = Release|Any CPU
		{BDD2C55D-EB0E-4601-AF1A-AFF7D0DF436C}.Release|Any CPU.Build.0 = Release|Any CPU
	EndGlobalSection
	GlobalSection(SolutionProperties) = preSolution
		HideSolutionNode = FALSE
	EndGlobalSection
	GlobalSection(ExtensibilityGlobals) = postSolution
		SolutionGuid = {2033A3B1-12BE-4872-BBC1-3484A7AF39E3}
	EndGlobalSection
EndGlobal
